
Microsoft Visual Studio Solution File, Format Version 12.00
# Visual Studio Version 16
VisualStudioVersion = 16.0.30907.101
MinimumVisualStudioVersion = 10.0.40219.1
Project("{9A19103F-16F7-4668-BE54-9A1E7A4F7556}") = "TC.BrowserEngine", "TC.BrowserEngine\TC.BrowserEngine.csproj", "{E589B23B-DAA3-4539-A422-BBF04326E776}"
EndProject
Project("{9A19103F-16F7-4668-BE54-9A1E7A4F7556}") = "TC.BrowserEngineTest", "TC.BrowserEngineTest\TC.BrowserEngineTest.csproj", "{60C50FAE-F329-4397-9E50-2C0CA34CACA2}"
EndProject
Global
	GlobalSection(SolutionConfigurationPlatforms) = preSolution
		Debug|Any CPU = Debug|Any CPU
		Release|Any CPU = Release|Any CPU
	EndGlobalSection
	GlobalSection(ProjectConfigurationPlatforms) = postSolution
		{E589B23B-DAA3-4539-A422-BBF04326E776}.Debug|Any CPU.ActiveCfg = Debug|Any CPU
		{E589B23B-DAA3-4539-A422-BBF04326E776}.Debug|Any CPU.Build.0 = Debug|Any CPU
		{E589B23B-DAA3-4539-A422-BBF04326E776}.Release|Any CPU.ActiveCfg = Release|Any CPU
		{E589B23B-DAA3-4539-A422-BBF04326E776}.Release|Any CPU.Build.0 = Release|Any CPU
		{60C50FAE-F329-4397-9E50-2C0CA34CACA2}.Debug|Any CPU.ActiveCfg = Debug|Any CPU
		{60C50FAE-F329-4397-9E50-2C0CA34CACA2}.Debug|Any CPU.Build.0 = Debug|Any CPU
		{60C50FAE-F329-4397-9E50-2C0CA34CACA2}.Release|Any CPU.ActiveCfg = Release|Any CPU
		{60C50FAE-F329-4397-9E50-2C0CA34CACA2}.Release|Any CPU.Build.0 = Release|Any CPU
	EndGlobalSection
	GlobalSection(SolutionProperties) = preSolution
		HideSolutionNode = FALSE
	EndGlobalSection
	GlobalSection(ExtensibilityGlobals) = postSolution
		SolutionGuid = {729DE7BA-E215-41F2-8C8D-9DAA0BDDDB64}
	EndGlobalSection
EndGlobal
